
Microsoft Visual Studio Solution File, Format Version 12.00
Project("{2150E333-8FDC-42A3-9474-1A3956D46DE8}") = "src", "src", "{FB989AFC-F72D-49C1-B44C-C961FB8EAE9B}"
EndProject
Project("{2150E333-8FDC-42A3-9474-1A3956D46DE8}") = "apps", "apps", "{F5A33397-4D67-4A41-9512-C8DACFCDDD66}"
EndProject
Project("{2150E333-8FDC-42A3-9474-1A3956D46DE8}") = "test", "test", "{AF279189-90F3-41DC-9436-DF328B53CA65}"
EndProject
Project("{FAE04EC0-301F-11D3-BF4B-00C04F79EFBC}") = "Shared", "src\Shared\Shared.csproj", "{B4D6E547-C35F-40FD-BCA3-722DF7803B28}"
EndProject
Project("{FAE04EC0-301F-11D3-BF4B-00C04F79EFBC}") = "Customers", "src\Customers\Customers.csproj", "{0DBD8446-15D7-4C88-BB14-F200B2340384}"
EndProject
Project("{2150E333-8FDC-42A3-9474-1A3956D46DE8}") = "src", "src", "{7E9DF5B9-8EB3-412F-8CEE-E4B8C9B7F83F}"
EndProject
Project("{2150E333-8FDC-42A3-9474-1A3956D46DE8}") = "apps", "apps", "{925AA2BA-5201-4491-8AA9-FF8BE4C1E50D}"
EndProject
Project("{FAE04EC0-301F-11D3-BF4B-00C04F79EFBC}") = "Customers.Test", "test\src\Customers.Test\Customers.Test.csproj", "{CAEAA20D-750F-43A9-ABC2-6D5AB0BED0F6}"
EndProject
Project("{FAE04EC0-301F-11D3-BF4B-00C04F79EFBC}") = "Customers.Api", "apps\Customers.Api\Customers.Api.csproj", "{784DAB8C-BC8E-412A-9CEA-02D29FF7B8C3}"
EndProject
Project("{FAE04EC0-301F-11D3-BF4B-00C04F79EFBC}") = "Customers.Api.Test", "test\apps\Customers.Api.Test\Customers.Api.Test.csproj", "{3D28F3B2-DFC4-4DBF-AA73-9DAC63B6EC59}"
EndProject
Project("{FAE04EC0-301F-11D3-BF4B-00C04F79EFBC}") = "Catalogue", "src\Catalogue\Catalogue.csproj", "{9CB57842-6AE8-4F14-A6C3-2AFE99A32851}"
EndProject
Project("{FAE04EC0-301F-11D3-BF4B-00C04F79EFBC}") = "Catalogue.Test", "test\src\Catalogue.Test\Catalogue.Test.csproj", "{99E46C54-1637-428D-9E8C-7AFAE1A074F9}"
EndProject
Project("{FAE04EC0-301F-11D3-BF4B-00C04F79EFBC}") = "Catalogue.Api", "apps\Catalogue.Api\Catalogue.Api.csproj", "{E61A9B40-15DB-4865-8D8E-601C49395F18}"
EndProject
Project("{FAE04EC0-301F-11D3-BF4B-00C04F79EFBC}") = "Catalogue.Api.Test", "test\apps\Catalogue.Api.Test\Catalogue.Api.Test.csproj", "{7D02C8AD-34C1-4E6F-9E54-E98DD0E2CDB7}"
EndProject
Project("{FAE04EC0-301F-11D3-BF4B-00C04F79EFBC}") = "Shops", "src\Shops\Shops.csproj", "{13D23169-2113-4361-AB33-A402E192E576}"
EndProject
Project("{FAE04EC0-301F-11D3-BF4B-00C04F79EFBC}") = "Shops.Test", "test\src\Shops.Test\Shops.Test.csproj", "{D33EBF96-990A-4188-8F5D-CD2CEBA3FB4C}"
EndProject
Project("{FAE04EC0-301F-11D3-BF4B-00C04F79EFBC}") = "Shops.Api", "apps\Shops.Api\Shops.Api.csproj", "{90378FC8-CB4E-4EE3-91C9-68373ACBFC6D}"
EndProject
Project("{FAE04EC0-301F-11D3-BF4B-00C04F79EFBC}") = "Shops.Api.Test", "test\apps\Shops.Api.Test\Shops.Api.Test.csproj", "{E08EBC63-2C33-4833-8B4D-75F19A612159}"
EndProject
Project("{FAE04EC0-301F-11D3-BF4B-00C04F79EFBC}") = "Inventory", "src\Inventory\Inventory.csproj", "{99DD63D2-9D01-489A-9DCE-D4695116513A}"
EndProject
Project("{FAE04EC0-301F-11D3-BF4B-00C04F79EFBC}") = "Inventory.Test", "test\src\Inventory.Test\Inventory.Test.csproj", "{4E8CB4D1-A645-4DD3-B3B0-0270E85B162F}"
EndProject
Project("{FAE04EC0-301F-11D3-BF4B-00C04F79EFBC}") = "Inventory.Api", "apps\Inventory.Api\Inventory.Api.csproj", "{1D31BDB2-D22C-40D6-9FFD-813B8B596359}"
EndProject
Project("{FAE04EC0-301F-11D3-BF4B-00C04F79EFBC}") = "Inventory.Api.Tet", "test\apps\Inventory.Api.Tet\Inventory.Api.Tet.csproj", "{9E17B82E-4228-400E-B825-47744A32B48E}"
EndProject
Project("{FAE04EC0-301F-11D3-BF4B-00C04F79EFBC}") = "Invoices", "src\Invoices\Invoices.csproj", "{DBD851BB-4CBD-4234-A54D-482B8C58159C}"
EndProject
Project("{FAE04EC0-301F-11D3-BF4B-00C04F79EFBC}") = "Invoices.Test", "test\src\Invoices.Test\Invoices.Test.csproj", "{DE113843-D3CA-4093-B706-A0C7C7C6B8AF}"
EndProject
Global
	GlobalSection(SolutionConfigurationPlatforms) = preSolution
		Debug|Any CPU = Debug|Any CPU
		Release|Any CPU = Release|Any CPU
	EndGlobalSection
	GlobalSection(NestedProjects) = preSolution
		{B4D6E547-C35F-40FD-BCA3-722DF7803B28} = {FB989AFC-F72D-49C1-B44C-C961FB8EAE9B}
		{0DBD8446-15D7-4C88-BB14-F200B2340384} = {FB989AFC-F72D-49C1-B44C-C961FB8EAE9B}
		{7E9DF5B9-8EB3-412F-8CEE-E4B8C9B7F83F} = {AF279189-90F3-41DC-9436-DF328B53CA65}
		{925AA2BA-5201-4491-8AA9-FF8BE4C1E50D} = {AF279189-90F3-41DC-9436-DF328B53CA65}
		{CAEAA20D-750F-43A9-ABC2-6D5AB0BED0F6} = {7E9DF5B9-8EB3-412F-8CEE-E4B8C9B7F83F}
		{784DAB8C-BC8E-412A-9CEA-02D29FF7B8C3} = {F5A33397-4D67-4A41-9512-C8DACFCDDD66}
		{3D28F3B2-DFC4-4DBF-AA73-9DAC63B6EC59} = {925AA2BA-5201-4491-8AA9-FF8BE4C1E50D}
		{9CB57842-6AE8-4F14-A6C3-2AFE99A32851} = {FB989AFC-F72D-49C1-B44C-C961FB8EAE9B}
		{99E46C54-1637-428D-9E8C-7AFAE1A074F9} = {7E9DF5B9-8EB3-412F-8CEE-E4B8C9B7F83F}
		{E61A9B40-15DB-4865-8D8E-601C49395F18} = {F5A33397-4D67-4A41-9512-C8DACFCDDD66}
		{7D02C8AD-34C1-4E6F-9E54-E98DD0E2CDB7} = {925AA2BA-5201-4491-8AA9-FF8BE4C1E50D}
		{13D23169-2113-4361-AB33-A402E192E576} = {FB989AFC-F72D-49C1-B44C-C961FB8EAE9B}
		{D33EBF96-990A-4188-8F5D-CD2CEBA3FB4C} = {7E9DF5B9-8EB3-412F-8CEE-E4B8C9B7F83F}
		{90378FC8-CB4E-4EE3-91C9-68373ACBFC6D} = {F5A33397-4D67-4A41-9512-C8DACFCDDD66}
		{E08EBC63-2C33-4833-8B4D-75F19A612159} = {925AA2BA-5201-4491-8AA9-FF8BE4C1E50D}
		{99DD63D2-9D01-489A-9DCE-D4695116513A} = {FB989AFC-F72D-49C1-B44C-C961FB8EAE9B}
		{4E8CB4D1-A645-4DD3-B3B0-0270E85B162F} = {7E9DF5B9-8EB3-412F-8CEE-E4B8C9B7F83F}
		{1D31BDB2-D22C-40D6-9FFD-813B8B596359} = {F5A33397-4D67-4A41-9512-C8DACFCDDD66}
		{9E17B82E-4228-400E-B825-47744A32B48E} = {925AA2BA-5201-4491-8AA9-FF8BE4C1E50D}
		{DBD851BB-4CBD-4234-A54D-482B8C58159C} = {FB989AFC-F72D-49C1-B44C-C961FB8EAE9B}
		{DE113843-D3CA-4093-B706-A0C7C7C6B8AF} = {7E9DF5B9-8EB3-412F-8CEE-E4B8C9B7F83F}
	EndGlobalSection
	GlobalSection(ProjectConfigurationPlatforms) = postSolution
		{B4D6E547-C35F-40FD-BCA3-722DF7803B28}.Debug|Any CPU.ActiveCfg = Debug|Any CPU
		{B4D6E547-C35F-40FD-BCA3-722DF7803B28}.Debug|Any CPU.Build.0 = Debug|Any CPU
		{B4D6E547-C35F-40FD-BCA3-722DF7803B28}.Release|Any CPU.ActiveCfg = Release|Any CPU
		{B4D6E547-C35F-40FD-BCA3-722DF7803B28}.Release|Any CPU.Build.0 = Release|Any CPU
		{0DBD8446-15D7-4C88-BB14-F200B2340384}.Debug|Any CPU.ActiveCfg = Debug|Any CPU
		{0DBD8446-15D7-4C88-BB14-F200B2340384}.Debug|Any CPU.Build.0 = Debug|Any CPU
		{0DBD8446-15D7-4C88-BB14-F200B2340384}.Release|Any CPU.ActiveCfg = Release|Any CPU
		{0DBD8446-15D7-4C88-BB14-F200B2340384}.Release|Any CPU.Build.0 = Release|Any CPU
		{CAEAA20D-750F-43A9-ABC2-6D5AB0BED0F6}.Debug|Any CPU.ActiveCfg = Debug|Any CPU
		{CAEAA20D-750F-43A9-ABC2-6D5AB0BED0F6}.Debug|Any CPU.Build.0 = Debug|Any CPU
		{CAEAA20D-750F-43A9-ABC2-6D5AB0BED0F6}.Release|Any CPU.ActiveCfg = Release|Any CPU
		{CAEAA20D-750F-43A9-ABC2-6D5AB0BED0F6}.Release|Any CPU.Build.0 = Release|Any CPU
		{784DAB8C-BC8E-412A-9CEA-02D29FF7B8C3}.Debug|Any CPU.ActiveCfg = Debug|Any CPU
		{784DAB8C-BC8E-412A-9CEA-02D29FF7B8C3}.Debug|Any CPU.Build.0 = Debug|Any CPU
		{784DAB8C-BC8E-412A-9CEA-02D29FF7B8C3}.Release|Any CPU.ActiveCfg = Release|Any CPU
		{784DAB8C-BC8E-412A-9CEA-02D29FF7B8C3}.Release|Any CPU.Build.0 = Release|Any CPU
		{3D28F3B2-DFC4-4DBF-AA73-9DAC63B6EC59}.Debug|Any CPU.ActiveCfg = Debug|Any CPU
		{3D28F3B2-DFC4-4DBF-AA73-9DAC63B6EC59}.Debug|Any CPU.Build.0 = Debug|Any CPU
		{3D28F3B2-DFC4-4DBF-AA73-9DAC63B6EC59}.Release|Any CPU.ActiveCfg = Release|Any CPU
		{3D28F3B2-DFC4-4DBF-AA73-9DAC63B6EC59}.Release|Any CPU.Build.0 = Release|Any CPU
		{9CB57842-6AE8-4F14-A6C3-2AFE99A32851}.Debug|Any CPU.ActiveCfg = Debug|Any CPU
		{9CB57842-6AE8-4F14-A6C3-2AFE99A32851}.Debug|Any CPU.Build.0 = Debug|Any CPU
		{9CB57842-6AE8-4F14-A6C3-2AFE99A32851}.Release|Any CPU.ActiveCfg = Release|Any CPU
		{9CB57842-6AE8-4F14-A6C3-2AFE99A32851}.Release|Any CPU.Build.0 = Release|Any CPU
		{99E46C54-1637-428D-9E8C-7AFAE1A074F9}.Debug|Any CPU.ActiveCfg = Debug|Any CPU
		{99E46C54-1637-428D-9E8C-7AFAE1A074F9}.Debug|Any CPU.Build.0 = Debug|Any CPU
		{99E46C54-1637-428D-9E8C-7AFAE1A074F9}.Release|Any CPU.ActiveCfg = Release|Any CPU
		{99E46C54-1637-428D-9E8C-7AFAE1A074F9}.Release|Any CPU.Build.0 = Release|Any CPU
		{E61A9B40-15DB-4865-8D8E-601C49395F18}.Debug|Any CPU.ActiveCfg = Debug|Any CPU
		{E61A9B40-15DB-4865-8D8E-601C49395F18}.Debug|Any CPU.Build.0 = Debug|Any CPU
		{E61A9B40-15DB-4865-8D8E-601C49395F18}.Release|Any CPU.ActiveCfg = Release|Any CPU
		{E61A9B40-15DB-4865-8D8E-601C49395F18}.Release|Any CPU.Build.0 = Release|Any CPU
		{7D02C8AD-34C1-4E6F-9E54-E98DD0E2CDB7}.Debug|Any CPU.ActiveCfg = Debug|Any CPU
		{7D02C8AD-34C1-4E6F-9E54-E98DD0E2CDB7}.Debug|Any CPU.Build.0 = Debug|Any CPU
		{7D02C8AD-34C1-4E6F-9E54-E98DD0E2CDB7}.Release|Any CPU.ActiveCfg = Release|Any CPU
		{7D02C8AD-34C1-4E6F-9E54-E98DD0E2CDB7}.Release|Any CPU.Build.0 = Release|Any CPU
		{13D23169-2113-4361-AB33-A402E192E576}.Debug|Any CPU.ActiveCfg = Debug|Any CPU
		{13D23169-2113-4361-AB33-A402E192E576}.Debug|Any CPU.Build.0 = Debug|Any CPU
		{13D23169-2113-4361-AB33-A402E192E576}.Release|Any CPU.ActiveCfg = Release|Any CPU
		{13D23169-2113-4361-AB33-A402E192E576}.Release|Any CPU.Build.0 = Release|Any CPU
		{D33EBF96-990A-4188-8F5D-CD2CEBA3FB4C}.Debug|Any CPU.ActiveCfg = Debug|Any CPU
		{D33EBF96-990A-4188-8F5D-CD2CEBA3FB4C}.Debug|Any CPU.Build.0 = Debug|Any CPU
		{D33EBF96-990A-4188-8F5D-CD2CEBA3FB4C}.Release|Any CPU.ActiveCfg = Release|Any CPU
		{D33EBF96-990A-4188-8F5D-CD2CEBA3FB4C}.Release|Any CPU.Build.0 = Release|Any CPU
		{90378FC8-CB4E-4EE3-91C9-68373ACBFC6D}.Debug|Any CPU.ActiveCfg = Debug|Any CPU
		{90378FC8-CB4E-4EE3-91C9-68373ACBFC6D}.Debug|Any CPU.Build.0 = Debug|Any CPU
		{90378FC8-CB4E-4EE3-91C9-68373ACBFC6D}.Release|Any CPU.ActiveCfg = Release|Any CPU
		{90378FC8-CB4E-4EE3-91C9-68373ACBFC6D}.Release|Any CPU.Build.0 = Release|Any CPU
		{E08EBC63-2C33-4833-8B4D-75F19A612159}.Debug|Any CPU.ActiveCfg = Debug|Any CPU
		{E08EBC63-2C33-4833-8B4D-75F19A612159}.Debug|Any CPU.Build.0 = Debug|Any CPU
		{E08EBC63-2C33-4833-8B4D-75F19A612159}.Release|Any CPU.ActiveCfg = Release|Any CPU
		{E08EBC63-2C33-4833-8B4D-75F19A612159}.Release|Any CPU.Build.0 = Release|Any CPU
		{99DD63D2-9D01-489A-9DCE-D4695116513A}.Debug|Any CPU.ActiveCfg = Debug|Any CPU
		{99DD63D2-9D01-489A-9DCE-D4695116513A}.Debug|Any CPU.Build.0 = Debug|Any CPU
		{99DD63D2-9D01-489A-9DCE-D4695116513A}.Release|Any CPU.ActiveCfg = Release|Any CPU
		{99DD63D2-9D01-489A-9DCE-D4695116513A}.Release|Any CPU.Build.0 = Release|Any CPU
		{4E8CB4D1-A645-4DD3-B3B0-0270E85B162F}.Debug|Any CPU.ActiveCfg = Debug|Any CPU
		{4E8CB4D1-A645-4DD3-B3B0-0270E85B162F}.Debug|Any CPU.Build.0 = Debug|Any CPU
		{4E8CB4D1-A645-4DD3-B3B0-0270E85B162F}.Release|Any CPU.ActiveCfg = Release|Any CPU
		{4E8CB4D1-A645-4DD3-B3B0-0270E85B162F}.Release|Any CPU.Build.0 = Release|Any CPU
		{1D31BDB2-D22C-40D6-9FFD-813B8B596359}.Debug|Any CPU.ActiveCfg = Debug|Any CPU
		{1D31BDB2-D22C-40D6-9FFD-813B8B596359}.Debug|Any CPU.Build.0 = Debug|Any CPU
		{1D31BDB2-D22C-40D6-9FFD-813B8B596359}.Release|Any CPU.ActiveCfg = Release|Any CPU
		{1D31BDB2-D22C-40D6-9FFD-813B8B596359}.Release|Any CPU.Build.0 = Release|Any CPU
		{9E17B82E-4228-400E-B825-47744A32B48E}.Debug|Any CPU.ActiveCfg = Debug|Any CPU
		{9E17B82E-4228-400E-B825-47744A32B48E}.Debug|Any CPU.Build.0 = Debug|Any CPU
		{9E17B82E-4228-400E-B825-47744A32B48E}.Release|Any CPU.ActiveCfg = Release|Any CPU
		{9E17B82E-4228-400E-B825-47744A32B48E}.Release|Any CPU.Build.0 = Release|Any CPU
		{DBD851BB-4CBD-4234-A54D-482B8C58159C}.Debug|Any CPU.ActiveCfg = Debug|Any CPU
		{DBD851BB-4CBD-4234-A54D-482B8C58159C}.Debug|Any CPU.Build.0 = Debug|Any CPU
		{DBD851BB-4CBD-4234-A54D-482B8C58159C}.Release|Any CPU.ActiveCfg = Release|Any CPU
		{DBD851BB-4CBD-4234-A54D-482B8C58159C}.Release|Any CPU.Build.0 = Release|Any CPU
		{DE113843-D3CA-4093-B706-A0C7C7C6B8AF}.Debug|Any CPU.ActiveCfg = Debug|Any CPU
		{DE113843-D3CA-4093-B706-A0C7C7C6B8AF}.Debug|Any CPU.Build.0 = Debug|Any CPU
		{DE113843-D3CA-4093-B706-A0C7C7C6B8AF}.Release|Any CPU.ActiveCfg = Release|Any CPU
		{DE113843-D3CA-4093-B706-A0C7C7C6B8AF}.Release|Any CPU.Build.0 = Release|Any CPU
	EndGlobalSection
EndGlobal
