
Microsoft Visual Studio Solution File, Format Version 12.00
Project("{2150E333-8FDC-42A3-9474-1A3956D46DE8}") = "src", "src", "{FB989AFC-F72D-49C1-B44C-C961FB8EAE9B}"
EndProject
Project("{2150E333-8FDC-42A3-9474-1A3956D46DE8}") = "apps", "apps", "{F5A33397-4D67-4A41-9512-C8DACFCDDD66}"
EndProject
Project("{2150E333-8FDC-42A3-9474-1A3956D46DE8}") = "test", "test", "{AF279189-90F3-41DC-9436-DF328B53CA65}"
EndProject
Project("{FAE04EC0-301F-11D3-BF4B-00C04F79EFBC}") = "Shared", "src\Shared\Shared.csproj", "{B4D6E547-C35F-40FD-BCA3-722DF7803B28}"
EndProject
Global
	GlobalSection(SolutionConfigurationPlatforms) = preSolution
		Debug|Any CPU = Debug|Any CPU
		Release|Any CPU = Release|Any CPU
	EndGlobalSection
	GlobalSection(NestedProjects) = preSolution
		{B4D6E547-C35F-40FD-BCA3-722DF7803B28} = {FB989AFC-F72D-49C1-B44C-C961FB8EAE9B}
	EndGlobalSection
	GlobalSection(ProjectConfigurationPlatforms) = postSolution
		{B4D6E547-C35F-40FD-BCA3-722DF7803B28}.Debug|Any CPU.ActiveCfg = Debug|Any CPU
		{B4D6E547-C35F-40FD-BCA3-722DF7803B28}.Debug|Any CPU.Build.0 = Debug|Any CPU
		{B4D6E547-C35F-40FD-BCA3-722DF7803B28}.Release|Any CPU.ActiveCfg = Release|Any CPU
		{B4D6E547-C35F-40FD-BCA3-722DF7803B28}.Release|Any CPU.Build.0 = Release|Any CPU
	EndGlobalSection
EndGlobal
